
Microsoft Visual Studio Solution File, Format Version 12.00
# Visual Studio Version 17
VisualStudioVersion = 17.9.34616.47
MinimumVisualStudioVersion = 10.0.40219.1
Project("{FAE04EC0-301F-11D3-BF4B-00C04F79EFBC}") = "Catalogo Comercial", "Catalogo Comercial\Catalogo Comercial.csproj", "{099E59BE-1F1C-4375-A1F4-4468DFF300D1}"
EndProject
Project("{FAE04EC0-301F-11D3-BF4B-00C04F79EFBC}") = "Dominio", "Dominio\Dominio.csproj", "{718DD5EB-8017-4D75-8F20-A291F0692FB5}"
EndProject
Project("{FAE04EC0-301F-11D3-BF4B-00C04F79EFBC}") = "Service", "Service\Service.csproj", "{B4022D3A-610D-4463-ADDB-0A97A84F8EAC}"
EndProject
Global
	GlobalSection(SolutionConfigurationPlatforms) = preSolution
		Debug|Any CPU = Debug|Any CPU
		Release|Any CPU = Release|Any CPU
	EndGlobalSection
	GlobalSection(ProjectConfigurationPlatforms) = postSolution
		{099E59BE-1F1C-4375-A1F4-4468DFF300D1}.Debug|Any CPU.ActiveCfg = Debug|Any CPU
		{099E59BE-1F1C-4375-A1F4-4468DFF300D1}.Debug|Any CPU.Build.0 = Debug|Any CPU
		{099E59BE-1F1C-4375-A1F4-4468DFF300D1}.Release|Any CPU.ActiveCfg = Release|Any CPU
		{099E59BE-1F1C-4375-A1F4-4468DFF300D1}.Release|Any CPU.Build.0 = Release|Any CPU
		{718DD5EB-8017-4D75-8F20-A291F0692FB5}.Debug|Any CPU.ActiveCfg = Debug|Any CPU
		{718DD5EB-8017-4D75-8F20-A291F0692FB5}.Debug|Any CPU.Build.0 = Debug|Any CPU
		{718DD5EB-8017-4D75-8F20-A291F0692FB5}.Release|Any CPU.ActiveCfg = Release|Any CPU
		{718DD5EB-8017-4D75-8F20-A291F0692FB5}.Release|Any CPU.Build.0 = Release|Any CPU
		{B4022D3A-610D-4463-ADDB-0A97A84F8EAC}.Debug|Any CPU.ActiveCfg = Debug|Any CPU
		{B4022D3A-610D-4463-ADDB-0A97A84F8EAC}.Debug|Any CPU.Build.0 = Debug|Any CPU
		{B4022D3A-610D-4463-ADDB-0A97A84F8EAC}.Release|Any CPU.ActiveCfg = Release|Any CPU
		{B4022D3A-610D-4463-ADDB-0A97A84F8EAC}.Release|Any CPU.Build.0 = Release|Any CPU
	EndGlobalSection
	GlobalSection(SolutionProperties) = preSolution
		HideSolutionNode = FALSE
	EndGlobalSection
	GlobalSection(ExtensibilityGlobals) = postSolution
		SolutionGuid = {D6BCE051-E8A3-472E-A0B1-41A24791CA98}
	EndGlobalSection
EndGlobal
